
Microsoft Visual Studio Solution File, Format Version 12.00
# Visual Studio Version 17
VisualStudioVersion = 17.8.34330.188
MinimumVisualStudioVersion = 10.0.40219.1
Project("{9A19103F-16F7-4668-BE54-9A1E7A4F7556}") = "PennyWiseCS", "PennyWiseCS\PennyWiseCS.csproj", "{19CB059D-37C2-4BB5-8022-1AA574BAB125}"
EndProject
Project("{FAE04EC0-301F-11D3-BF4B-00C04F79EFBC}") = "PennyWiseCS.Tests", "PennyWiseCS.Tests\PennyWiseCS.Tests.csproj", "{F67E20E2-745E-49CF-B57B-14D84E1A56E4}"
EndProject
Global
	GlobalSection(SolutionConfigurationPlatforms) = preSolution
		Debug|Any CPU = Debug|Any CPU
		Release|Any CPU = Release|Any CPU
	EndGlobalSection
	GlobalSection(ProjectConfigurationPlatforms) = postSolution
		{19CB059D-37C2-4BB5-8022-1AA574BAB125}.Debug|Any CPU.ActiveCfg = Debug|Any CPU
		{19CB059D-37C2-4BB5-8022-1AA574BAB125}.Debug|Any CPU.Build.0 = Debug|Any CPU
		{19CB059D-37C2-4BB5-8022-1AA574BAB125}.Release|Any CPU.ActiveCfg = Release|Any CPU
		{19CB059D-37C2-4BB5-8022-1AA574BAB125}.Release|Any CPU.Build.0 = Release|Any CPU
		{F67E20E2-745E-49CF-B57B-14D84E1A56E4}.Debug|Any CPU.ActiveCfg = Debug|Any CPU
		{F67E20E2-745E-49CF-B57B-14D84E1A56E4}.Debug|Any CPU.Build.0 = Debug|Any CPU
		{F67E20E2-745E-49CF-B57B-14D84E1A56E4}.Release|Any CPU.ActiveCfg = Release|Any CPU
		{F67E20E2-745E-49CF-B57B-14D84E1A56E4}.Release|Any CPU.Build.0 = Release|Any CPU
	EndGlobalSection
	GlobalSection(SolutionProperties) = preSolution
		HideSolutionNode = FALSE
	EndGlobalSection
	GlobalSection(ExtensibilityGlobals) = postSolution
		SolutionGuid = {DBE17CBC-B141-4C16-8D02-2252EA0D26A6}
	EndGlobalSection
EndGlobal
